
Microsoft Visual Studio Solution File, Format Version 12.00
# Visual Studio 15
Project("{FAE04EC0-301F-11D3-BF4B-00C04F79EFBC}") = "Assembly-CSharp", "Assembly-CSharp.csproj", "{FE41C2A0-603F-C8F5-465F-A7FB7276D47D}"
EndProject
Global
	GlobalSection(SolutionConfigurationPlatforms) = preSolution
		Debug|Any CPU = Debug|Any CPU
		Release|Any CPU = Release|Any CPU
	EndGlobalSection
	GlobalSection(ProjectConfigurationPlatforms) = postSolution
		{FE41C2A0-603F-C8F5-465F-A7FB7276D47D}.Debug|Any CPU.ActiveCfg = Debug|Any CPU
		{FE41C2A0-603F-C8F5-465F-A7FB7276D47D}.Debug|Any CPU.Build.0 = Debug|Any CPU
		{FE41C2A0-603F-C8F5-465F-A7FB7276D47D}.Release|Any CPU.ActiveCfg = Release|Any CPU
		{FE41C2A0-603F-C8F5-465F-A7FB7276D47D}.Release|Any CPU.Build.0 = Release|Any CPU
	EndGlobalSection
	GlobalSection(SolutionProperties) = preSolution
		HideSolutionNode = FALSE
	EndGlobalSection
EndGlobal
